
Microsoft Visual Studio Solution File, Format Version 12.00
# Visual Studio Version 17
VisualStudioVersion = 17.12.35521.163
MinimumVisualStudioVersion = 10.0.40219.1
Project("{2150E333-8FDC-42A3-9474-1A3956D46DE8}") = "Services", "Services", "{108B9DDB-79E6-464B-A672-4B428A56B94D}"
EndProject
Project("{2150E333-8FDC-42A3-9474-1A3956D46DE8}") = "Catalog", "Catalog", "{7F2B2025-D53B-4358-87E5-437AE84E1C12}"
EndProject
Project("{FAE04EC0-301F-11D3-BF4B-00C04F79EFBC}") = "Catalog.API", "Services\Catalog\Catalog.API\Catalog.API.csproj", "{C10BE030-2247-4223-BFC0-A0425FDF19C5}"
EndProject
Project("{2150E333-8FDC-42A3-9474-1A3956D46DE8}") = "BuildingBlocks", "BuildingBlocks", "{DAF4B0F7-720F-4F9E-83AE-40DEFA528E26}"
EndProject
Project("{FAE04EC0-301F-11D3-BF4B-00C04F79EFBC}") = "BuildingBlocks", "BuildingBlocks\BuildingBlocks\BuildingBlocks.csproj", "{F44611AC-0017-4FF5-9DD1-7A81060A7179}"
EndProject
Project("{E53339B2-1760-4266-BCC7-CA923CBCF16C}") = "docker-compose", "docker-compose.dcproj", "{6F3F98DE-3C12-4DD5-B677-606D65BB4042}"
EndProject
Project("{2150E333-8FDC-42A3-9474-1A3956D46DE8}") = "Basket", "Basket", "{1590CD35-6630-44B2-981E-B6D6EA3B244E}"
EndProject
Project("{FAE04EC0-301F-11D3-BF4B-00C04F79EFBC}") = "Basket.API", "Services\Basket\Basket.API\Basket.API.csproj", "{8D6FF65B-FF0C-49A8-B95F-E354E4453813}"
EndProject
Project("{2150E333-8FDC-42A3-9474-1A3956D46DE8}") = "Discount", "Discount", "{A14671ED-AEB5-4D0C-BF8D-F908FFF0D9D2}"
EndProject
Project("{FAE04EC0-301F-11D3-BF4B-00C04F79EFBC}") = "Discount.Grpc", "Services\Discount\Discount.Grpc\Discount.Grpc.csproj", "{49F827C2-61CD-43BD-8E38-049407C39270}"
EndProject
Project("{2150E333-8FDC-42A3-9474-1A3956D46DE8}") = "Ordering", "Ordering", "{0DBC85D5-A5C1-4F21-B366-B25F76A0FEA4}"
EndProject
Project("{FAE04EC0-301F-11D3-BF4B-00C04F79EFBC}") = "Ordering.API", "Services\Ordering\Ordering.API\Ordering.API.csproj", "{4810D639-DFEE-4BDE-9466-51F057C73D5D}"
EndProject
Project("{FAE04EC0-301F-11D3-BF4B-00C04F79EFBC}") = "Ordering.Domain", "Services\Ordering\Ordering.Domain\Ordering.Domain.csproj", "{86837C94-42F0-4FD7-AA44-248815D58DDD}"
EndProject
Project("{FAE04EC0-301F-11D3-BF4B-00C04F79EFBC}") = "Ordering.Application", "Services\Ordering\Ordering.Application\Ordering.Application.csproj", "{3F514359-B0E9-4EED-AB7B-DA068246646C}"
EndProject
Project("{FAE04EC0-301F-11D3-BF4B-00C04F79EFBC}") = "Ordering.Infrastructure", "Services\Ordering\Ordering.Infrustructure\Ordering.Infrastructure.csproj", "{BB6BC53D-0FA2-413B-AF5E-A4592EC0C3A1}"
EndProject
Global
	GlobalSection(SolutionConfigurationPlatforms) = preSolution
		Debug|Any CPU = Debug|Any CPU
		Release|Any CPU = Release|Any CPU
	EndGlobalSection
	GlobalSection(ProjectConfigurationPlatforms) = postSolution
		{C10BE030-2247-4223-BFC0-A0425FDF19C5}.Debug|Any CPU.ActiveCfg = Debug|Any CPU
		{C10BE030-2247-4223-BFC0-A0425FDF19C5}.Debug|Any CPU.Build.0 = Debug|Any CPU
		{C10BE030-2247-4223-BFC0-A0425FDF19C5}.Release|Any CPU.ActiveCfg = Release|Any CPU
		{C10BE030-2247-4223-BFC0-A0425FDF19C5}.Release|Any CPU.Build.0 = Release|Any CPU
		{F44611AC-0017-4FF5-9DD1-7A81060A7179}.Debug|Any CPU.ActiveCfg = Debug|Any CPU
		{F44611AC-0017-4FF5-9DD1-7A81060A7179}.Debug|Any CPU.Build.0 = Debug|Any CPU
		{F44611AC-0017-4FF5-9DD1-7A81060A7179}.Release|Any CPU.ActiveCfg = Release|Any CPU
		{F44611AC-0017-4FF5-9DD1-7A81060A7179}.Release|Any CPU.Build.0 = Release|Any CPU
		{6F3F98DE-3C12-4DD5-B677-606D65BB4042}.Debug|Any CPU.ActiveCfg = Debug|Any CPU
		{6F3F98DE-3C12-4DD5-B677-606D65BB4042}.Debug|Any CPU.Build.0 = Debug|Any CPU
		{6F3F98DE-3C12-4DD5-B677-606D65BB4042}.Release|Any CPU.ActiveCfg = Release|Any CPU
		{6F3F98DE-3C12-4DD5-B677-606D65BB4042}.Release|Any CPU.Build.0 = Release|Any CPU
		{8D6FF65B-FF0C-49A8-B95F-E354E4453813}.Debug|Any CPU.ActiveCfg = Debug|Any CPU
		{8D6FF65B-FF0C-49A8-B95F-E354E4453813}.Debug|Any CPU.Build.0 = Debug|Any CPU
		{8D6FF65B-FF0C-49A8-B95F-E354E4453813}.Release|Any CPU.ActiveCfg = Release|Any CPU
		{8D6FF65B-FF0C-49A8-B95F-E354E4453813}.Release|Any CPU.Build.0 = Release|Any CPU
		{49F827C2-61CD-43BD-8E38-049407C39270}.Debug|Any CPU.ActiveCfg = Debug|Any CPU
		{49F827C2-61CD-43BD-8E38-049407C39270}.Debug|Any CPU.Build.0 = Debug|Any CPU
		{49F827C2-61CD-43BD-8E38-049407C39270}.Release|Any CPU.ActiveCfg = Release|Any CPU
		{49F827C2-61CD-43BD-8E38-049407C39270}.Release|Any CPU.Build.0 = Release|Any CPU
		{4810D639-DFEE-4BDE-9466-51F057C73D5D}.Debug|Any CPU.ActiveCfg = Debug|Any CPU
		{4810D639-DFEE-4BDE-9466-51F057C73D5D}.Debug|Any CPU.Build.0 = Debug|Any CPU
		{4810D639-DFEE-4BDE-9466-51F057C73D5D}.Release|Any CPU.ActiveCfg = Release|Any CPU
		{4810D639-DFEE-4BDE-9466-51F057C73D5D}.Release|Any CPU.Build.0 = Release|Any CPU
		{86837C94-42F0-4FD7-AA44-248815D58DDD}.Debug|Any CPU.ActiveCfg = Debug|Any CPU
		{86837C94-42F0-4FD7-AA44-248815D58DDD}.Debug|Any CPU.Build.0 = Debug|Any CPU
		{86837C94-42F0-4FD7-AA44-248815D58DDD}.Release|Any CPU.ActiveCfg = Release|Any CPU
		{86837C94-42F0-4FD7-AA44-248815D58DDD}.Release|Any CPU.Build.0 = Release|Any CPU
		{3F514359-B0E9-4EED-AB7B-DA068246646C}.Debug|Any CPU.ActiveCfg = Debug|Any CPU
		{3F514359-B0E9-4EED-AB7B-DA068246646C}.Debug|Any CPU.Build.0 = Debug|Any CPU
		{3F514359-B0E9-4EED-AB7B-DA068246646C}.Release|Any CPU.ActiveCfg = Release|Any CPU
		{3F514359-B0E9-4EED-AB7B-DA068246646C}.Release|Any CPU.Build.0 = Release|Any CPU
		{BB6BC53D-0FA2-413B-AF5E-A4592EC0C3A1}.Debug|Any CPU.ActiveCfg = Debug|Any CPU
		{BB6BC53D-0FA2-413B-AF5E-A4592EC0C3A1}.Debug|Any CPU.Build.0 = Debug|Any CPU
		{BB6BC53D-0FA2-413B-AF5E-A4592EC0C3A1}.Release|Any CPU.ActiveCfg = Release|Any CPU
		{BB6BC53D-0FA2-413B-AF5E-A4592EC0C3A1}.Release|Any CPU.Build.0 = Release|Any CPU
	EndGlobalSection
	GlobalSection(SolutionProperties) = preSolution
		HideSolutionNode = FALSE
	EndGlobalSection
	GlobalSection(NestedProjects) = preSolution
		{7F2B2025-D53B-4358-87E5-437AE84E1C12} = {108B9DDB-79E6-464B-A672-4B428A56B94D}
		{C10BE030-2247-4223-BFC0-A0425FDF19C5} = {7F2B2025-D53B-4358-87E5-437AE84E1C12}
		{F44611AC-0017-4FF5-9DD1-7A81060A7179} = {DAF4B0F7-720F-4F9E-83AE-40DEFA528E26}
		{1590CD35-6630-44B2-981E-B6D6EA3B244E} = {108B9DDB-79E6-464B-A672-4B428A56B94D}
		{8D6FF65B-FF0C-49A8-B95F-E354E4453813} = {1590CD35-6630-44B2-981E-B6D6EA3B244E}
		{A14671ED-AEB5-4D0C-BF8D-F908FFF0D9D2} = {108B9DDB-79E6-464B-A672-4B428A56B94D}
		{49F827C2-61CD-43BD-8E38-049407C39270} = {A14671ED-AEB5-4D0C-BF8D-F908FFF0D9D2}
		{0DBC85D5-A5C1-4F21-B366-B25F76A0FEA4} = {108B9DDB-79E6-464B-A672-4B428A56B94D}
		{4810D639-DFEE-4BDE-9466-51F057C73D5D} = {0DBC85D5-A5C1-4F21-B366-B25F76A0FEA4}
		{86837C94-42F0-4FD7-AA44-248815D58DDD} = {0DBC85D5-A5C1-4F21-B366-B25F76A0FEA4}
		{3F514359-B0E9-4EED-AB7B-DA068246646C} = {0DBC85D5-A5C1-4F21-B366-B25F76A0FEA4}
		{BB6BC53D-0FA2-413B-AF5E-A4592EC0C3A1} = {0DBC85D5-A5C1-4F21-B366-B25F76A0FEA4}
	EndGlobalSection
EndGlobal
