
Microsoft Visual Studio Solution File, Format Version 12.00
# Visual Studio Version 17
VisualStudioVersion = 17.12.35521.163
MinimumVisualStudioVersion = 10.0.40219.1
Project("{2150E333-8FDC-42A3-9474-1A3956D46DE8}") = "Services", "Services", "{108B9DDB-79E6-464B-A672-4B428A56B94D}"
EndProject
Project("{2150E333-8FDC-42A3-9474-1A3956D46DE8}") = "Catalog", "Catalog", "{7F2B2025-D53B-4358-87E5-437AE84E1C12}"
EndProject
Project("{FAE04EC0-301F-11D3-BF4B-00C04F79EFBC}") = "Catalog.API", "Services\Catalog\Catalog.API\Catalog.API.csproj", "{C10BE030-2247-4223-BFC0-A0425FDF19C5}"
EndProject
Project("{2150E333-8FDC-42A3-9474-1A3956D46DE8}") = "BuildingBlocks", "BuildingBlocks", "{DAF4B0F7-720F-4F9E-83AE-40DEFA528E26}"
EndProject
Project("{FAE04EC0-301F-11D3-BF4B-00C04F79EFBC}") = "BuildingBlocks", "BuildingBlocks\BuildingBlocks\BuildingBlocks.csproj", "{F44611AC-0017-4FF5-9DD1-7A81060A7179}"
EndProject
Project("{E53339B2-1760-4266-BCC7-CA923CBCF16C}") = "docker-compose", "docker-compose.dcproj", "{6F3F98DE-3C12-4DD5-B677-606D65BB4042}"
EndProject
Global
	GlobalSection(SolutionConfigurationPlatforms) = preSolution
		Debug|Any CPU = Debug|Any CPU
		Release|Any CPU = Release|Any CPU
	EndGlobalSection
	GlobalSection(ProjectConfigurationPlatforms) = postSolution
		{C10BE030-2247-4223-BFC0-A0425FDF19C5}.Debug|Any CPU.ActiveCfg = Debug|Any CPU
		{C10BE030-2247-4223-BFC0-A0425FDF19C5}.Debug|Any CPU.Build.0 = Debug|Any CPU
		{C10BE030-2247-4223-BFC0-A0425FDF19C5}.Release|Any CPU.ActiveCfg = Release|Any CPU
		{C10BE030-2247-4223-BFC0-A0425FDF19C5}.Release|Any CPU.Build.0 = Release|Any CPU
		{F44611AC-0017-4FF5-9DD1-7A81060A7179}.Debug|Any CPU.ActiveCfg = Debug|Any CPU
		{F44611AC-0017-4FF5-9DD1-7A81060A7179}.Debug|Any CPU.Build.0 = Debug|Any CPU
		{F44611AC-0017-4FF5-9DD1-7A81060A7179}.Release|Any CPU.ActiveCfg = Release|Any CPU
		{F44611AC-0017-4FF5-9DD1-7A81060A7179}.Release|Any CPU.Build.0 = Release|Any CPU
		{6F3F98DE-3C12-4DD5-B677-606D65BB4042}.Debug|Any CPU.ActiveCfg = Debug|Any CPU
		{6F3F98DE-3C12-4DD5-B677-606D65BB4042}.Debug|Any CPU.Build.0 = Debug|Any CPU
		{6F3F98DE-3C12-4DD5-B677-606D65BB4042}.Release|Any CPU.ActiveCfg = Release|Any CPU
		{6F3F98DE-3C12-4DD5-B677-606D65BB4042}.Release|Any CPU.Build.0 = Release|Any CPU
	EndGlobalSection
	GlobalSection(SolutionProperties) = preSolution
		HideSolutionNode = FALSE
	EndGlobalSection
	GlobalSection(NestedProjects) = preSolution
		{7F2B2025-D53B-4358-87E5-437AE84E1C12} = {108B9DDB-79E6-464B-A672-4B428A56B94D}
		{C10BE030-2247-4223-BFC0-A0425FDF19C5} = {7F2B2025-D53B-4358-87E5-437AE84E1C12}
		{F44611AC-0017-4FF5-9DD1-7A81060A7179} = {DAF4B0F7-720F-4F9E-83AE-40DEFA528E26}
	EndGlobalSection
EndGlobal
